
Microsoft Visual Studio Solution File, Format Version 12.00
# Visual Studio Version 16
VisualStudioVersion = 16.0.30503.244
MinimumVisualStudioVersion = 10.0.40219.1
Project("{FAE04EC0-301F-11D3-BF4B-00C04F79EFBC}") = "farfetch.xray.importer", "farfetch.xray.importer\farfetch.xray.importer.csproj", "{8403A998-C0FF-4911-8517-680B90D31188}"
EndProject
Project("{FAE04EC0-301F-11D3-BF4B-00C04F79EFBC}") = "farfetch.xray.core", "farfetch.xray.core\farfetch.xray.core.csproj", "{D875441E-541D-4900-9141-222C350DB3D8}"
EndProject
Project("{FAE04EC0-301F-11D3-BF4B-00C04F79EFBC}") = "farfetch.xray.entities", "farfetch.xray.entities\farfetch.xray.entities.csproj", "{8CAB124C-FD33-431A-AEA3-85B5CA3EE0E2}"
EndProject
Global
	GlobalSection(SolutionConfigurationPlatforms) = preSolution
		Debug|Any CPU = Debug|Any CPU
		Release|Any CPU = Release|Any CPU
	EndGlobalSection
	GlobalSection(ProjectConfigurationPlatforms) = postSolution
		{8403A998-C0FF-4911-8517-680B90D31188}.Debug|Any CPU.ActiveCfg = Debug|Any CPU
		{8403A998-C0FF-4911-8517-680B90D31188}.Debug|Any CPU.Build.0 = Debug|Any CPU
		{8403A998-C0FF-4911-8517-680B90D31188}.Release|Any CPU.ActiveCfg = Release|Any CPU
		{8403A998-C0FF-4911-8517-680B90D31188}.Release|Any CPU.Build.0 = Release|Any CPU
		{D875441E-541D-4900-9141-222C350DB3D8}.Debug|Any CPU.ActiveCfg = Debug|Any CPU
		{D875441E-541D-4900-9141-222C350DB3D8}.Debug|Any CPU.Build.0 = Debug|Any CPU
		{D875441E-541D-4900-9141-222C350DB3D8}.Release|Any CPU.ActiveCfg = Release|Any CPU
		{D875441E-541D-4900-9141-222C350DB3D8}.Release|Any CPU.Build.0 = Release|Any CPU
		{8CAB124C-FD33-431A-AEA3-85B5CA3EE0E2}.Debug|Any CPU.ActiveCfg = Debug|Any CPU
		{8CAB124C-FD33-431A-AEA3-85B5CA3EE0E2}.Debug|Any CPU.Build.0 = Debug|Any CPU
		{8CAB124C-FD33-431A-AEA3-85B5CA3EE0E2}.Release|Any CPU.ActiveCfg = Release|Any CPU
		{8CAB124C-FD33-431A-AEA3-85B5CA3EE0E2}.Release|Any CPU.Build.0 = Release|Any CPU
	EndGlobalSection
	GlobalSection(SolutionProperties) = preSolution
		HideSolutionNode = FALSE
	EndGlobalSection
	GlobalSection(ExtensibilityGlobals) = postSolution
		SolutionGuid = {AD820EF6-09C8-4682-B238-A45377C531D1}
	EndGlobalSection
EndGlobal
